// !$*UTF8*$!
{
	archiveVersion = 1;
	classes = {
	};
	objectVersion = 77;
	objects = {

/* Begin PBXContainerItemProxy section */
		FBDDE04B2D85BE6900921A63 /* PBXContainerItemProxy */ = {
			isa = PBXContainerItemProxy;
			containerPortal = FBDDE0322D85BE6800921A63 /* Project object */;
			proxyType = 1;
			remoteGlobalIDString = FBDDE0392D85BE6800921A63;
			remoteInfo = Imagy;
		};
		FBDDE0552D85BE6900921A63 /* PBXContainerItemProxy */ = {
			isa = PBXContainerItemProxy;
			containerPortal = FBDDE0322D85BE6800921A63 /* Project object */;
			proxyType = 1;
			remoteGlobalIDString = FBDDE0392D85BE6800921A63;
			remoteInfo = Imagy;
		};
/* End PBXContainerItemProxy section */

/* Begin PBXFileReference section */
		FBDDE03A2D85BE6800921A63 /* Imagy.app */ = {isa = PBXFileReference; explicitFileType = wrapper.application; includeInIndex = 0; path = Imagy.app; sourceTree = BUILT_PRODUCTS_DIR; };
		FBDDE04A2D85BE6900921A63 /* ImagyTests.xctest */ = {isa = PBXFileReference; explicitFileType = wrapper.cfbundle; includeInIndex = 0; path = ImagyTests.xctest; sourceTree = BUILT_PRODUCTS_DIR; };
		FBDDE0542D85BE6900921A63 /* ImagyUITests.xctest */ = {isa = PBXFileReference; explicitFileType = wrapper.cfbundle; includeInIndex = 0; path = ImagyUITests.xctest; sourceTree = BUILT_PRODUCTS_DIR; };
/* End PBXFileReference section */

/* Begin PBXFileSystemSynchronizedRootGroup section */
		FBDDE03C2D85BE6800921A63 /* Imagy */ = {
			isa = PBXFileSystemSynchronizedRootGroup;
			path = Imagy;
			sourceTree = "<group>";
		};
		FBDDE04D2D85BE6900921A63 /* ImagyTests */ = {
			isa = PBXFileSystemSynchronizedRootGroup;
			path = ImagyTests;
			sourceTree = "<group>";
		};
		FBDDE0572D85BE6900921A63 /* ImagyUITests */ = {
			isa = PBXFileSystemSynchronizedRootGroup;
			path = ImagyUITests;
			sourceTree = "<group>";
		};
/* End PBXFileSystemSynchronizedRootGroup section */

/* Begin PBXFrameworksBuildPhase section */
		FBDDE0372D85BE6800921A63 /* Frameworks */ = {
			isa = PBXFrameworksBuildPhase;
			buildActionMask = 2147483647;
			files = (
			);
			runOnlyForDeploymentPostprocessing = 0;
		};
		FBDDE0472D85BE6900921A63 /* Frameworks */ = {
			isa = PBXFrameworksBuildPhase;
			buildActionMask = 2147483647;
			files = (
			);
			runOnlyForDeploymentPostprocessing = 0;
		};
		FBDDE0512D85BE6900921A63 /* Frameworks */ = {
			isa = PBXFrameworksBuildPhase;
			buildActionMask = 2147483647;
			files = (
			);
			runOnlyForDeploymentPostprocessing = 0;
		};
/* End PBXFrameworksBuildPhase section */

/* Begin PBXGroup section */
		FBDDE0312D85BE6800921A63 = {
			isa = PBXGroup;
			children = (
				FBDDE03C2D85BE6800921A63 /* Imagy */,
				FBDDE04D2D85BE6900921A63 /* ImagyTests */,
				FBDDE0572D85BE6900921A63 /* ImagyUITests */,
				FBDDE03B2D85BE6800921A63 /* Products */,
			);
			sourceTree = "<group>";
		};
		FBDDE03B2D85BE6800921A63 /* Products */ = {
			isa = PBXGroup;
			children = (
				FBDDE03A2D85BE6800921A63 /* Imagy.app */,
				FBDDE04A2D85BE6900921A63 /* ImagyTests.xctest */,
				FBDDE0542D85BE6900921A63 /* ImagyUITests.xctest */,
			);
			name = Products;
			sourceTree = "<group>";
		};
/* End PBXGroup section */

/* Begin PBXNativeTarget section */
		FBDDE0392D85BE6800921A63 /* Imagy */ = {
			isa = PBXNativeTarget;
			buildConfigurationList = FBDDE05E2D85BE6900921A63 /* Build configuration list for PBXNativeTarget "Imagy" */;
			buildPhases = (
				FBDDE0362D85BE6800921A63 /* Sources */,
				FBDDE0372D85BE6800921A63 /* Frameworks */,
				FBDDE0382D85BE6800921A63 /* Resources */,
			);
			buildRules = (
			);
			dependencies = (
			);
			fileSystemSynchronizedGroups = (
				FBDDE03C2D85BE6800921A63 /* Imagy */,
			);
			name = Imagy;
			packageProductDependencies = (
			);
			productName = Imagy;
			productReference = FBDDE03A2D85BE6800921A63 /* Imagy.app */;
			productType = "com.apple.product-type.application";
		};
		FBDDE0492D85BE6900921A63 /* ImagyTests */ = {
			isa = PBXNativeTarget;
			buildConfigurationList = FBDDE0612D85BE6900921A63 /* Build configuration list for PBXNativeTarget "ImagyTests" */;
			buildPhases = (
				FBDDE0462D85BE6900921A63 /* Sources */,
				FBDDE0472D85BE6900921A63 /* Frameworks */,
				FBDDE0482D85BE6900921A63 /* Resources */,
			);
			buildRules = (
			);
			dependencies = (
				FBDDE04C2D85BE6900921A63 /* PBXTargetDependency */,
			);
			fileSystemSynchronizedGroups = (
				FBDDE04D2D85BE6900921A63 /* ImagyTests */,
			);
			name = ImagyTests;
			packageProductDependencies = (
			);
			productName = ImagyTests;
			productReference = FBDDE04A2D85BE6900921A63 /* ImagyTests.xctest */;
			productType = "com.apple.product-type.bundle.unit-test";
		};
		FBDDE0532D85BE6900921A63 /* ImagyUITests */ = {
			isa = PBXNativeTarget;
			buildConfigurationList = FBDDE0642D85BE6900921A63 /* Build configuration list for PBXNativeTarget "ImagyUITests" */;
			buildPhases = (
				FBDDE0502D85BE6900921A63 /* Sources */,
				FBDDE0512D85BE6900921A63 /* Frameworks */,
				FBDDE0522D85BE6900921A63 /* Resources */,
			);
			buildRules = (
			);
			dependencies = (
				FBDDE0562D85BE6900921A63 /* PBXTargetDependency */,
			);
			fileSystemSynchronizedGroups = (
				FBDDE0572D85BE6900921A63 /* ImagyUITests */,
			);
			name = ImagyUITests;
			packageProductDependencies = (
			);
			productName = ImagyUITests;
			productReference = FBDDE0542D85BE6900921A63 /* ImagyUITests.xctest */;
			productType = "com.apple.product-type.bundle.ui-testing";
		};
/* End PBXNativeTarget section */

/* Begin PBXProject section */
		FBDDE0322D85BE6800921A63 /* Project object */ = {
			isa = PBXProject;
			attributes = {
				BuildIndependentTargetsInParallel = 1;
				LastSwiftUpdateCheck = 1620;
				LastUpgradeCheck = 1620;
				TargetAttributes = {
					FBDDE0392D85BE6800921A63 = {
						CreatedOnToolsVersion = 16.2;
					};
					FBDDE0492D85BE6900921A63 = {
						CreatedOnToolsVersion = 16.2;
						TestTargetID = FBDDE0392D85BE6800921A63;
					};
					FBDDE0532D85BE6900921A63 = {
						CreatedOnToolsVersion = 16.2;
						TestTargetID = FBDDE0392D85BE6800921A63;
					};
				};
			};
			buildConfigurationList = FBDDE0352D85BE6800921A63 /* Build configuration list for PBXProject "Imagy" */;
			developmentRegion = en;
			hasScannedForEncodings = 0;
			knownRegions = (
				en,
				Base,
			);
			mainGroup = FBDDE0312D85BE6800921A63;
			minimizedProjectReferenceProxies = 1;
			preferredProjectObjectVersion = 77;
			productRefGroup = FBDDE03B2D85BE6800921A63 /* Products */;
			projectDirPath = "";
			projectRoot = "";
			targets = (
				FBDDE0392D85BE6800921A63 /* Imagy */,
				FBDDE0492D85BE6900921A63 /* ImagyTests */,
				FBDDE0532D85BE6900921A63 /* ImagyUITests */,
			);
		};
/* End PBXProject section */

/* Begin PBXResourcesBuildPhase section */
		FBDDE0382D85BE6800921A63 /* Resources */ = {
			isa = PBXResourcesBuildPhase;
			buildActionMask = 2147483647;
			files = (
			);
			runOnlyForDeploymentPostprocessing = 0;
		};
		FBDDE0482D85BE6900921A63 /* Resources */ = {
			isa = PBXResourcesBuildPhase;
			buildActionMask = 2147483647;
			files = (
			);
			runOnlyForDeploymentPostprocessing = 0;
		};
		FBDDE0522D85BE6900921A63 /* Resources */ = {
			isa = PBXResourcesBuildPhase;
			buildActionMask = 2147483647;
			files = (
			);
			runOnlyForDeploymentPostprocessing = 0;
		};
/* End PBXResourcesBuildPhase section */

/* Begin PBXSourcesBuildPhase section */
		FBDDE0362D85BE6800921A63 /* Sources */ = {
			isa = PBXSourcesBuildPhase;
			buildActionMask = 2147483647;
			files = (
			);
			runOnlyForDeploymentPostprocessing = 0;
		};
		FBDDE0462D85BE6900921A63 /* Sources */ = {
			isa = PBXSourcesBuildPhase;
			buildActionMask = 2147483647;
			files = (
			);
			runOnlyForDeploymentPostprocessing = 0;
		};
		FBDDE0502D85BE6900921A63 /* Sources */ = {
			isa = PBXSourcesBuildPhase;
			buildActionMask = 2147483647;
			files = (
			);
			runOnlyForDeploymentPostprocessing = 0;
		};
/* End PBXSourcesBuildPhase section */

/* Begin PBXTargetDependency section */
		FBDDE04C2D85BE6900921A63 /* PBXTargetDependency */ = {
			isa = PBXTargetDependency;
			target = FBDDE0392D85BE6800921A63 /* Imagy */;
			targetProxy = FBDDE04B2D85BE6900921A63 /* PBXContainerItemProxy */;
		};
		FBDDE0562D85BE6900921A63 /* PBXTargetDependency */ = {
			isa = PBXTargetDependency;
			target = FBDDE0392D85BE6800921A63 /* Imagy */;
			targetProxy = FBDDE0552D85BE6900921A63 /* PBXContainerItemProxy */;
		};
/* End PBXTargetDependency section */

/* Begin XCBuildConfiguration section */
		FBDDE05C2D85BE6900921A63 /* Debug */ = {
			isa = XCBuildConfiguration;
			buildSettings = {
				ALWAYS_SEARCH_USER_PATHS = NO;
				ASSETCATALOG_COMPILER_GENERATE_SWIFT_ASSET_SYMBOL_EXTENSIONS = YES;
				CLANG_ANALYZER_NONNULL = YES;
				CLANG_ANALYZER_NUMBER_OBJECT_CONVERSION = YES_AGGRESSIVE;
				CLANG_CXX_LANGUAGE_STANDARD = "gnu++20";
				CLANG_ENABLE_MODULES = YES;
				CLANG_ENABLE_OBJC_ARC = YES;
				CLANG_ENABLE_OBJC_WEAK = YES;
				CLANG_WARN_BLOCK_CAPTURE_AUTORELEASING = YES;
				CLANG_WARN_BOOL_CONVERSION = YES;
				CLANG_WARN_COMMA = YES;
				CLANG_WARN_CONSTANT_CONVERSION = YES;
				CLANG_WARN_DEPRECATED_OBJC_IMPLEMENTATIONS = YES;
				CLANG_WARN_DIRECT_OBJC_ISA_USAGE = YES_ERROR;
				CLANG_WARN_DOCUMENTATION_COMMENTS = YES;
				CLANG_WARN_EMPTY_BODY = YES;
				CLANG_WARN_ENUM_CONVERSION = YES;
				CLANG_WARN_INFINITE_RECURSION = YES;
				CLANG_WARN_INT_CONVERSION = YES;
				CLANG_WARN_NON_LITERAL_NULL_CONVERSION = YES;
				CLANG_WARN_OBJC_IMPLICIT_RETAIN_SELF = YES;
				CLANG_WARN_OBJC_LITERAL_CONVERSION = YES;
				CLANG_WARN_OBJC_ROOT_CLASS = YES_ERROR;
				CLANG_WARN_QUOTED_INCLUDE_IN_FRAMEWORK_HEADER = YES;
				CLANG_WARN_RANGE_LOOP_ANALYSIS = YES;
				CLANG_WARN_STRICT_PROTOTYPES = YES;
				CLANG_WARN_SUSPICIOUS_MOVE = YES;
				CLANG_WARN_UNGUARDED_AVAILABILITY = YES_AGGRESSIVE;
				CLANG_WARN_UNREACHABLE_CODE = YES;
				CLANG_WARN__DUPLICATE_METHOD_MATCH = YES;
				COPY_PHASE_STRIP = NO;
				DEBUG_INFORMATION_FORMAT = dwarf;
				ENABLE_STRICT_OBJC_MSGSEND = YES;
				ENABLE_TESTABILITY = YES;
				ENABLE_USER_SCRIPT_SANDBOXING = YES;
				GCC_C_LANGUAGE_STANDARD = gnu17;
				GCC_DYNAMIC_NO_PIC = NO;
				GCC_NO_COMMON_BLOCKS = YES;
				GCC_OPTIMIZATION_LEVEL = 0;
				GCC_PREPROCESSOR_DEFINITIONS = (
					"DEBUG=1",
					"$(inherited)",
				);
				GCC_WARN_64_TO_32_BIT_CONVERSION = YES;
				GCC_WARN_ABOUT_RETURN_TYPE = YES_ERROR;
				GCC_WARN_UNDECLARED_SELECTOR = YES;
				GCC_WARN_UNINITIALIZED_AUTOS = YES_AGGRESSIVE;
				GCC_WARN_UNUSED_FUNCTION = YES;
				GCC_WARN_UNUSED_VARIABLE = YES;
				IPHONEOS_DEPLOYMENT_TARGET = 18.2;
				LOCALIZATION_PREFERS_STRING_CATALOGS = YES;
				MTL_ENABLE_DEBUG_INFO = INCLUDE_SOURCE;
				MTL_FAST_MATH = YES;
				ONLY_ACTIVE_ARCH = YES;
				SDKROOT = iphoneos;
				SWIFT_ACTIVE_COMPILATION_CONDITIONS = "DEBUG $(inherited)";
				SWIFT_OPTIMIZATION_LEVEL = "-Onone";
			};
			name = Debug;
		};
		FBDDE05D2D85BE6900921A63 /* Release */ = {
			isa = XCBuildConfiguration;
			buildSettings = {
				ALWAYS_SEARCH_USER_PATHS = NO;
				ASSETCATALOG_COMPILER_GENERATE_SWIFT_ASSET_SYMBOL_EXTENSIONS = YES;
				CLANG_ANALYZER_NONNULL = YES;
				CLANG_ANALYZER_NUMBER_OBJECT_CONVERSION = YES_AGGRESSIVE;
				CLANG_CXX_LANGUAGE_STANDARD = "gnu++20";
				CLANG_ENABLE_MODULES = YES;
				CLANG_ENABLE_OBJC_ARC = YES;
				CLANG_ENABLE_OBJC_WEAK = YES;
				CLANG_WARN_BLOCK_CAPTURE_AUTORELEASING = YES;
				CLANG_WARN_BOOL_CONVERSION = YES;
				CLANG_WARN_COMMA = YES;
				CLANG_WARN_CONSTANT_CONVERSION = YES;
				CLANG_WARN_DEPRECATED_OBJC_IMPLEMENTATIONS = YES;
				CLANG_WARN_DIRECT_OBJC_ISA_USAGE = YES_ERROR;
				CLANG_WARN_DOCUMENTATION_COMMENTS = YES;
				CLANG_WARN_EMPTY_BODY = YES;
				CLANG_WARN_ENUM_CONVERSION = YES;
				CLANG_WARN_INFINITE_RECURSION = YES;
				CLANG_WARN_INT_CONVERSION = YES;
				CLANG_WARN_NON_LITERAL_NULL_CONVERSION = YES;
				CLANG_WARN_OBJC_IMPLICIT_RETAIN_SELF = YES;
				CLANG_WARN_OBJC_LITERAL_CONVERSION = YES;
				CLANG_WARN_OBJC_ROOT_CLASS = YES_ERROR;
				CLANG_WARN_QUOTED_INCLUDE_IN_FRAMEWORK_HEADER = YES;
				CLANG_WARN_RANGE_LOOP_ANALYSIS = YES;
				CLANG_WARN_STRICT_PROTOTYPES = YES;
				CLANG_WARN_SUSPICIOUS_MOVE = YES;
				CLANG_WARN_UNGUARDED_AVAILABILITY = YES_AGGRESSIVE;
				CLANG_WARN_UNREACHABLE_CODE = YES;
				CLANG_WARN__DUPLICATE_METHOD_MATCH = YES;
				COPY_PHASE_STRIP = NO;
				DEBUG_INFORMATION_FORMAT = "dwarf-with-dsym";
				ENABLE_NS_ASSERTIONS = NO;
				ENABLE_STRICT_OBJC_MSGSEND = YES;
				ENABLE_USER_SCRIPT_SANDBOXING = YES;
				GCC_C_LANGUAGE_STANDARD = gnu17;
				GCC_NO_COMMON_BLOCKS = YES;
				GCC_WARN_64_TO_32_BIT_CONVERSION = YES;
				GCC_WARN_ABOUT_RETURN_TYPE = YES_ERROR;
				GCC_WARN_UNDECLARED_SELECTOR = YES;
				GCC_WARN_UNINITIALIZED_AUTOS = YES_AGGRESSIVE;
				GCC_WARN_UNUSED_FUNCTION = YES;
				GCC_WARN_UNUSED_VARIABLE = YES;
				IPHONEOS_DEPLOYMENT_TARGET = 18.2;
				LOCALIZATION_PREFERS_STRING_CATALOGS = YES;
				MTL_ENABLE_DEBUG_INFO = NO;
				MTL_FAST_MATH = YES;
				SDKROOT = iphoneos;
				SWIFT_COMPILATION_MODE = wholemodule;
				VALIDATE_PRODUCT = YES;
			};
			name = Release;
		};
		FBDDE05F2D85BE6900921A63 /* Debug */ = {
			isa = XCBuildConfiguration;
			buildSettings = {
				ASSETCATALOG_COMPILER_APPICON_NAME = AppIcon;
				ASSETCATALOG_COMPILER_GLOBAL_ACCENT_COLOR_NAME = AccentColor;
				CODE_SIGN_STYLE = Automatic;
				CURRENT_PROJECT_VERSION = 1;
				DEVELOPMENT_ASSET_PATHS = "\"Imagy/Preview Content\"";
				DEVELOPMENT_TEAM = 3W969XB92D;
				ENABLE_PREVIEWS = YES;
				GENERATE_INFOPLIST_FILE = YES;
				INFOPLIST_KEY_UIApplicationSceneManifest_Generation = YES;
				INFOPLIST_KEY_UIApplicationSupportsIndirectInputEvents = YES;
				INFOPLIST_KEY_UILaunchScreen_Generation = YES;
				INFOPLIST_KEY_UISupportedInterfaceOrientations_iPad = "UIInterfaceOrientationPortrait UIInterfaceOrientationPortraitUpsideDown UIInterfaceOrientationLandscapeLeft UIInterfaceOrientationLandscapeRight";
				INFOPLIST_KEY_UISupportedInterfaceOrientations_iPhone = "UIInterfaceOrientationPortrait UIInterfaceOrientationLandscapeLeft UIInterfaceOrientationLandscapeRight";
				LD_RUNPATH_SEARCH_PATHS = (
					"$(inherited)",
					"@executable_path/Frameworks",
				);
				MARKETING_VERSION = 1.0;
				PRODUCT_BUNDLE_IDENTIFIER = pl.edu.pw.Imagy;
				PRODUCT_NAME = "$(TARGET_NAME)";
				SWIFT_EMIT_LOC_STRINGS = YES;
				SWIFT_VERSION = 5.0;
				TARGETED_DEVICE_FAMILY = "1,2";
			};
			name = Debug;
		};
		FBDDE0602D85BE6900921A63 /* Release */ = {
			isa = XCBuildConfiguration;
			buildSettings = {
				ASSETCATALOG_COMPILER_APPICON_NAME = AppIcon;
				ASSETCATALOG_COMPILER_GLOBAL_ACCENT_COLOR_NAME = AccentColor;
				CODE_SIGN_STYLE = Automatic;
				CURRENT_PROJECT_VERSION = 1;
				DEVELOPMENT_ASSET_PATHS = "\"Imagy/Preview Content\"";
				DEVELOPMENT_TEAM = 3W969XB92D;
				ENABLE_PREVIEWS = YES;
				GENERATE_INFOPLIST_FILE = YES;
				INFOPLIST_KEY_UIApplicationSceneManifest_Generation = YES;
				INFOPLIST_KEY_UIApplicationSupportsIndirectInputEvents = YES;
				INFOPLIST_KEY_UILaunchScreen_Generation = YES;
				INFOPLIST_KEY_UISupportedInterfaceOrientations_iPad = "UIInterfaceOrientationPortrait UIInterfaceOrientationPortraitUpsideDown UIInterfaceOrientationLandscapeLeft UIInterfaceOrientationLandscapeRight";
				INFOPLIST_KEY_UISupportedInterfaceOrientations_iPhone = "UIInterfaceOrientationPortrait UIInterfaceOrientationLandscapeLeft UIInterfaceOrientationLandscapeRight";
				LD_RUNPATH_SEARCH_PATHS = (
					"$(inherited)",
					"@executable_path/Frameworks",
				);
				MARKETING_VERSION = 1.0;
				PRODUCT_BUNDLE_IDENTIFIER = pl.edu.pw.Imagy;
				PRODUCT_NAME = "$(TARGET_NAME)";
				SWIFT_EMIT_LOC_STRINGS = YES;
				SWIFT_VERSION = 5.0;
				TARGETED_DEVICE_FAMILY = "1,2";
			};
			name = Release;
		};
		FBDDE0622D85BE6900921A63 /* Debug */ = {
			isa = XCBuildConfiguration;
			buildSettings = {
				BUNDLE_LOADER = "$(TEST_HOST)";
				CODE_SIGN_STYLE = Automatic;
				CURRENT_PROJECT_VERSION = 1;
				DEVELOPMENT_TEAM = 3W969XB92D;
				GENERATE_INFOPLIST_FILE = YES;
				IPHONEOS_DEPLOYMENT_TARGET = 18.2;
				MARKETING_VERSION = 1.0;
				PRODUCT_BUNDLE_IDENTIFIER = pl.edu.pw.ImagyTests;
				PRODUCT_NAME = "$(TARGET_NAME)";
				SWIFT_EMIT_LOC_STRINGS = NO;
				SWIFT_VERSION = 5.0;
				TARGETED_DEVICE_FAMILY = "1,2";
				TEST_HOST = "$(BUILT_PRODUCTS_DIR)/Imagy.app/$(BUNDLE_EXECUTABLE_FOLDER_PATH)/Imagy";
			};
			name = Debug;
		};
		FBDDE0632D85BE6900921A63 /* Release */ = {
			isa = XCBuildConfiguration;
			buildSettings = {
				BUNDLE_LOADER = "$(TEST_HOST)";
				CODE_SIGN_STYLE = Automatic;
				CURRENT_PROJECT_VERSION = 1;
				DEVELOPMENT_TEAM = 3W969XB92D;
				GENERATE_INFOPLIST_FILE = YES;
				IPHONEOS_DEPLOYMENT_TARGET = 18.2;
				MARKETING_VERSION = 1.0;
				PRODUCT_BUNDLE_IDENTIFIER = pl.edu.pw.ImagyTests;
				PRODUCT_NAME = "$(TARGET_NAME)";
				SWIFT_EMIT_LOC_STRINGS = NO;
				SWIFT_VERSION = 5.0;
				TARGETED_DEVICE_FAMILY = "1,2";
				TEST_HOST = "$(BUILT_PRODUCTS_DIR)/Imagy.app/$(BUNDLE_EXECUTABLE_FOLDER_PATH)/Imagy";
			};
			name = Release;
		};
		FBDDE0652D85BE6900921A63 /* Debug */ = {
			isa = XCBuildConfiguration;
			buildSettings = {
				CODE_SIGN_STYLE = Automatic;
				CURRENT_PROJECT_VERSION = 1;
				DEVELOPMENT_TEAM = 3W969XB92D;
				GENERATE_INFOPLIST_FILE = YES;
				MARKETING_VERSION = 1.0;
				PRODUCT_BUNDLE_IDENTIFIER = pl.edu.pw.ImagyUITests;
				PRODUCT_NAME = "$(TARGET_NAME)";
				SWIFT_EMIT_LOC_STRINGS = NO;
				SWIFT_VERSION = 5.0;
				TARGETED_DEVICE_FAMILY = "1,2";
				TEST_TARGET_NAME = Imagy;
			};
			name = Debug;
		};
		FBDDE0662D85BE6900921A63 /* Release */ = {
			isa = XCBuildConfiguration;
			buildSettings = {
				CODE_SIGN_STYLE = Automatic;
				CURRENT_PROJECT_VERSION = 1;
				DEVELOPMENT_TEAM = 3W969XB92D;
				GENERATE_INFOPLIST_FILE = YES;
				MARKETING_VERSION = 1.0;
				PRODUCT_BUNDLE_IDENTIFIER = pl.edu.pw.ImagyUITests;
				PRODUCT_NAME = "$(TARGET_NAME)";
				SWIFT_EMIT_LOC_STRINGS = NO;
				SWIFT_VERSION = 5.0;
				TARGETED_DEVICE_FAMILY = "1,2";
				TEST_TARGET_NAME = Imagy;
			};
			name = Release;
		};
/* End XCBuildConfiguration section */

/* Begin XCConfigurationList section */
		FBDDE0352D85BE6800921A63 /* Build configuration list for PBXProject "Imagy" */ = {
			isa = XCConfigurationList;
			buildConfigurations = (
				FBDDE05C2D85BE6900921A63 /* Debug */,
				FBDDE05D2D85BE6900921A63 /* Release */,
			);
			defaultConfigurationIsVisible = 0;
			defaultConfigurationName = Release;
		};
		FBDDE05E2D85BE6900921A63 /* Build configuration list for PBXNativeTarget "Imagy" */ = {
			isa = XCConfigurationList;
			buildConfigurations = (
				FBDDE05F2D85BE6900921A63 /* Debug */,
				FBDDE0602D85BE6900921A63 /* Release */,
			);
			defaultConfigurationIsVisible = 0;
			defaultConfigurationName = Release;
		};
		FBDDE0612D85BE6900921A63 /* Build configuration list for PBXNativeTarget "ImagyTests" */ = {
			isa = XCConfigurationList;
			buildConfigurations = (
				FBDDE0622D85BE6900921A63 /* Debug */,
				FBDDE0632D85BE6900921A63 /* Release */,
			);
			defaultConfigurationIsVisible = 0;
			defaultConfigurationName = Release;
		};
		FBDDE0642D85BE6900921A63 /* Build configuration list for PBXNativeTarget "ImagyUITests" */ = {
			isa = XCConfigurationList;
			buildConfigurations = (
				FBDDE0652D85BE6900921A63 /* Debug */,
				FBDDE0662D85BE6900921A63 /* Release */,
			);
			defaultConfigurationIsVisible = 0;
			defaultConfigurationName = Release;
		};
/* End XCConfigurationList section */
	};
	rootObject = FBDDE0322D85BE6800921A63 /* Project object */;
}
